
Microsoft Visual Studio Solution File, Format Version 12.00
# Visual Studio Version 17
VisualStudioVersion = 17.1.32421.90
MinimumVisualStudioVersion = 10.0.40219.1
Project("{FAE04EC0-301F-11D3-BF4B-00C04F79EFBC}") = "BlobStorageApi", "BlobStorageApi\BlobStorageApi.csproj", "{3520A698-1769-4BE3-84A3-8FA196E3EFEA}"
EndProject
Global
	GlobalSection(SolutionConfigurationPlatforms) = preSolution
		Debug|Any CPU = Debug|Any CPU
		Release|Any CPU = Release|Any CPU
	EndGlobalSection
	GlobalSection(ProjectConfigurationPlatforms) = postSolution
		{3520A698-1769-4BE3-84A3-8FA196E3EFEA}.Debug|Any CPU.ActiveCfg = Debug|Any CPU
		{3520A698-1769-4BE3-84A3-8FA196E3EFEA}.Debug|Any CPU.Build.0 = Debug|Any CPU
		{3520A698-1769-4BE3-84A3-8FA196E3EFEA}.Release|Any CPU.ActiveCfg = Release|Any CPU
		{3520A698-1769-4BE3-84A3-8FA196E3EFEA}.Release|Any CPU.Build.0 = Release|Any CPU
	EndGlobalSection
	GlobalSection(SolutionProperties) = preSolution
		HideSolutionNode = FALSE
	EndGlobalSection
	GlobalSection(ExtensibilityGlobals) = postSolution
		SolutionGuid = {225D41AC-AAC6-4441-AB09-839DA516B19B}
	EndGlobalSection
EndGlobal
